
Microsoft Visual Studio Solution File, Format Version 12.00
# Visual Studio Version 16
VisualStudioVersion = 16.0.31624.102
MinimumVisualStudioVersion = 10.0.40219.1
Project("{FAE04EC0-301F-11D3-BF4B-00C04F79EFBC}") = "Lab8WindowsForms", "Lab8WindowsForms\Lab8WindowsForms.csproj", "{ED7F3378-F295-43A4-AFBB-BD83FD26A073}"
EndProject
Global
	GlobalSection(SolutionConfigurationPlatforms) = preSolution
		Debug|Any CPU = Debug|Any CPU
		Release|Any CPU = Release|Any CPU
	EndGlobalSection
	GlobalSection(ProjectConfigurationPlatforms) = postSolution
		{ED7F3378-F295-43A4-AFBB-BD83FD26A073}.Debug|Any CPU.ActiveCfg = Debug|Any CPU
		{ED7F3378-F295-43A4-AFBB-BD83FD26A073}.Debug|Any CPU.Build.0 = Debug|Any CPU
		{ED7F3378-F295-43A4-AFBB-BD83FD26A073}.Release|Any CPU.ActiveCfg = Release|Any CPU
		{ED7F3378-F295-43A4-AFBB-BD83FD26A073}.Release|Any CPU.Build.0 = Release|Any CPU
	EndGlobalSection
	GlobalSection(SolutionProperties) = preSolution
		HideSolutionNode = FALSE
	EndGlobalSection
	GlobalSection(ExtensibilityGlobals) = postSolution
		SolutionGuid = {D93F6892-ABF1-48C3-B6BF-837070F21109}
	EndGlobalSection
EndGlobal
